
Microsoft Visual Studio Solution File, Format Version 12.00
# Visual Studio Version 17
VisualStudioVersion = 17.2.32616.157
MinimumVisualStudioVersion = 10.0.40219.1
Project("{FAE04EC0-301F-11D3-BF4B-00C04F79EFBC}") = "OlaMundo", "OlaMundo\OlaMundo.csproj", "{0418AA47-5162-4B77-81CC-DF2A1F03E716}"
EndProject
Global
	GlobalSection(SolutionConfigurationPlatforms) = preSolution
		Debug|Any CPU = Debug|Any CPU
		Release|Any CPU = Release|Any CPU
	EndGlobalSection
	GlobalSection(ProjectConfigurationPlatforms) = postSolution
		{0418AA47-5162-4B77-81CC-DF2A1F03E716}.Debug|Any CPU.ActiveCfg = Debug|Any CPU
		{0418AA47-5162-4B77-81CC-DF2A1F03E716}.Debug|Any CPU.Build.0 = Debug|Any CPU
		{0418AA47-5162-4B77-81CC-DF2A1F03E716}.Release|Any CPU.ActiveCfg = Release|Any CPU
		{0418AA47-5162-4B77-81CC-DF2A1F03E716}.Release|Any CPU.Build.0 = Release|Any CPU
	EndGlobalSection
	GlobalSection(SolutionProperties) = preSolution
		HideSolutionNode = FALSE
	EndGlobalSection
	GlobalSection(ExtensibilityGlobals) = postSolution
		SolutionGuid = {5082C566-8C29-4300-BD7A-9657AC7F147C}
	EndGlobalSection
EndGlobal
